
Microsoft Visual Studio Solution File, Format Version 12.00
# Visual Studio 2012
Project("{FAE04EC0-301F-11D3-BF4B-00C04F79EFBC}") = "zestork", "zestork\zestork.csproj", "{FFAE0764-14C0-4C28-89E6-64F4B1ECE586}"
EndProject
Global
	GlobalSection(SolutionConfigurationPlatforms) = preSolution
		Debug|Any CPU = Debug|Any CPU
		Release|Any CPU = Release|Any CPU
	EndGlobalSection
	GlobalSection(ProjectConfigurationPlatforms) = postSolution
		{FFAE0764-14C0-4C28-89E6-64F4B1ECE586}.Debug|Any CPU.ActiveCfg = Debug|Any CPU
		{FFAE0764-14C0-4C28-89E6-64F4B1ECE586}.Debug|Any CPU.Build.0 = Debug|Any CPU
		{FFAE0764-14C0-4C28-89E6-64F4B1ECE586}.Release|Any CPU.ActiveCfg = Release|Any CPU
		{FFAE0764-14C0-4C28-89E6-64F4B1ECE586}.Release|Any CPU.Build.0 = Release|Any CPU
	EndGlobalSection
	GlobalSection(SolutionProperties) = preSolution
		HideSolutionNode = FALSE
	EndGlobalSection
EndGlobal
